
Microsoft Visual Studio Solution File, Format Version 12.00
# Visual Studio Version 17
VisualStudioVersion = 17.11.35222.181
MinimumVisualStudioVersion = 10.0.40219.1
Project("{9A19103F-16F7-4668-BE54-9A1E7A4F7556}") = "01.ConvertMetersToKilometers", "01.ConvertMetersToKilometers\01.ConvertMetersToKilometers.csproj", "{440CE413-3E11-427A-AE91-507AD4EBE3C9}"
EndProject
Project("{9A19103F-16F7-4668-BE54-9A1E7A4F7556}") = "02.PoundsToDollar", "02.PoundsToDollar\02.PoundsToDollar.csproj", "{0EDCB65F-8515-476A-96EF-9BCC417597DF}"
EndProject
Project("{9A19103F-16F7-4668-BE54-9A1E7A4F7556}") = "03.ExactSumOfRealNumbers", "03.ExactSumOfRealNumbers\03.ExactSumOfRealNumbers.csproj", "{F96D3CF3-A167-496C-9570-14B9EE4371A7}"
EndProject
Project("{9A19103F-16F7-4668-BE54-9A1E7A4F7556}") = "04.CenturiesToMinutes", "04.CenturiesToMinutes\04.CenturiesToMinutes.csproj", "{14372A1F-78B7-4617-B2E2-25F1A23A87F8}"
EndProject
Project("{9A19103F-16F7-4668-BE54-9A1E7A4F7556}") = "05.SpecialNumbers", "05.SpecialNumbers\05.SpecialNumbers.csproj", "{35BF32BE-AE90-42E7-913B-50602DEF7772}"
EndProject
Project("{9A19103F-16F7-4668-BE54-9A1E7A4F7556}") = "06.ReversedChars", "06.ReversedChars\06.ReversedChars.csproj", "{1C881861-F994-4C39-BB34-7AFD763642B1}"
EndProject
Project("{9A19103F-16F7-4668-BE54-9A1E7A4F7556}") = "07.ConcatNames", "07.ConcatNames\07.ConcatNames.csproj", "{2B7E7CA4-5139-4CE1-9707-E4B115598F21}"
EndProject
Project("{9A19103F-16F7-4668-BE54-9A1E7A4F7556}") = "08.TownInfo", "08.TownInfo\08.TownInfo.csproj", "{A2959CF6-AE17-457D-B91F-A43EFC169FED}"
EndProject
Project("{9A19103F-16F7-4668-BE54-9A1E7A4F7556}") = "09.CharsToString", "09.CharsToString\09.CharsToString.csproj", "{83A2C476-225E-4E9F-889F-5B00234F9FDD}"
EndProject
Project("{9A19103F-16F7-4668-BE54-9A1E7A4F7556}") = "10.LowerOrUpper", "10.LowerOrUpper\10.LowerOrUpper.csproj", "{E8C48A19-5172-47DB-86FF-C8114D534A50}"
EndProject
Project("{9A19103F-16F7-4668-BE54-9A1E7A4F7556}") = "11.RefactorVolumeOfPyramid", "11.RefactorVolumeOfPyramid\11.RefactorVolumeOfPyramid.csproj", "{044E55DC-B2EE-440B-BE03-CAB908ABFC43}"
EndProject
Project("{FAE04EC0-301F-11D3-BF4B-00C04F79EFBC}") = "12.RefactorSpecialNumbers", "12.RefactorSpecialNumbers\12.RefactorSpecialNumbers.csproj", "{A44957E4-98AE-4DAB-9FB1-F045A5BF621D}"
EndProject
Global
	GlobalSection(SolutionConfigurationPlatforms) = preSolution
		Debug|Any CPU = Debug|Any CPU
		Release|Any CPU = Release|Any CPU
	EndGlobalSection
	GlobalSection(ProjectConfigurationPlatforms) = postSolution
		{440CE413-3E11-427A-AE91-507AD4EBE3C9}.Debug|Any CPU.ActiveCfg = Debug|Any CPU
		{440CE413-3E11-427A-AE91-507AD4EBE3C9}.Debug|Any CPU.Build.0 = Debug|Any CPU
		{440CE413-3E11-427A-AE91-507AD4EBE3C9}.Release|Any CPU.ActiveCfg = Release|Any CPU
		{440CE413-3E11-427A-AE91-507AD4EBE3C9}.Release|Any CPU.Build.0 = Release|Any CPU
		{0EDCB65F-8515-476A-96EF-9BCC417597DF}.Debug|Any CPU.ActiveCfg = Debug|Any CPU
		{0EDCB65F-8515-476A-96EF-9BCC417597DF}.Debug|Any CPU.Build.0 = Debug|Any CPU
		{0EDCB65F-8515-476A-96EF-9BCC417597DF}.Release|Any CPU.ActiveCfg = Release|Any CPU
		{0EDCB65F-8515-476A-96EF-9BCC417597DF}.Release|Any CPU.Build.0 = Release|Any CPU
		{F96D3CF3-A167-496C-9570-14B9EE4371A7}.Debug|Any CPU.ActiveCfg = Debug|Any CPU
		{F96D3CF3-A167-496C-9570-14B9EE4371A7}.Debug|Any CPU.Build.0 = Debug|Any CPU
		{F96D3CF3-A167-496C-9570-14B9EE4371A7}.Release|Any CPU.ActiveCfg = Release|Any CPU
		{F96D3CF3-A167-496C-9570-14B9EE4371A7}.Release|Any CPU.Build.0 = Release|Any CPU
		{14372A1F-78B7-4617-B2E2-25F1A23A87F8}.Debug|Any CPU.ActiveCfg = Debug|Any CPU
		{14372A1F-78B7-4617-B2E2-25F1A23A87F8}.Debug|Any CPU.Build.0 = Debug|Any CPU
		{14372A1F-78B7-4617-B2E2-25F1A23A87F8}.Release|Any CPU.ActiveCfg = Release|Any CPU
		{14372A1F-78B7-4617-B2E2-25F1A23A87F8}.Release|Any CPU.Build.0 = Release|Any CPU
		{35BF32BE-AE90-42E7-913B-50602DEF7772}.Debug|Any CPU.ActiveCfg = Debug|Any CPU
		{35BF32BE-AE90-42E7-913B-50602DEF7772}.Debug|Any CPU.Build.0 = Debug|Any CPU
		{35BF32BE-AE90-42E7-913B-50602DEF7772}.Release|Any CPU.ActiveCfg = Release|Any CPU
		{35BF32BE-AE90-42E7-913B-50602DEF7772}.Release|Any CPU.Build.0 = Release|Any CPU
		{1C881861-F994-4C39-BB34-7AFD763642B1}.Debug|Any CPU.ActiveCfg = Debug|Any CPU
		{1C881861-F994-4C39-BB34-7AFD763642B1}.Debug|Any CPU.Build.0 = Debug|Any CPU
		{1C881861-F994-4C39-BB34-7AFD763642B1}.Release|Any CPU.ActiveCfg = Release|Any CPU
		{1C881861-F994-4C39-BB34-7AFD763642B1}.Release|Any CPU.Build.0 = Release|Any CPU
		{2B7E7CA4-5139-4CE1-9707-E4B115598F21}.Debug|Any CPU.ActiveCfg = Debug|Any CPU
		{2B7E7CA4-5139-4CE1-9707-E4B115598F21}.Debug|Any CPU.Build.0 = Debug|Any CPU
		{2B7E7CA4-5139-4CE1-9707-E4B115598F21}.Release|Any CPU.ActiveCfg = Release|Any CPU
		{2B7E7CA4-5139-4CE1-9707-E4B115598F21}.Release|Any CPU.Build.0 = Release|Any CPU
		{A2959CF6-AE17-457D-B91F-A43EFC169FED}.Debug|Any CPU.ActiveCfg = Debug|Any CPU
		{A2959CF6-AE17-457D-B91F-A43EFC169FED}.Debug|Any CPU.Build.0 = Debug|Any CPU
		{A2959CF6-AE17-457D-B91F-A43EFC169FED}.Release|Any CPU.ActiveCfg = Release|Any CPU
		{A2959CF6-AE17-457D-B91F-A43EFC169FED}.Release|Any CPU.Build.0 = Release|Any CPU
		{83A2C476-225E-4E9F-889F-5B00234F9FDD}.Debug|Any CPU.ActiveCfg = Debug|Any CPU
		{83A2C476-225E-4E9F-889F-5B00234F9FDD}.Debug|Any CPU.Build.0 = Debug|Any CPU
		{83A2C476-225E-4E9F-889F-5B00234F9FDD}.Release|Any CPU.ActiveCfg = Release|Any CPU
		{83A2C476-225E-4E9F-889F-5B00234F9FDD}.Release|Any CPU.Build.0 = Release|Any CPU
		{E8C48A19-5172-47DB-86FF-C8114D534A50}.Debug|Any CPU.ActiveCfg = Debug|Any CPU
		{E8C48A19-5172-47DB-86FF-C8114D534A50}.Debug|Any CPU.Build.0 = Debug|Any CPU
		{E8C48A19-5172-47DB-86FF-C8114D534A50}.Release|Any CPU.ActiveCfg = Release|Any CPU
		{E8C48A19-5172-47DB-86FF-C8114D534A50}.Release|Any CPU.Build.0 = Release|Any CPU
		{044E55DC-B2EE-440B-BE03-CAB908ABFC43}.Debug|Any CPU.ActiveCfg = Debug|Any CPU
		{044E55DC-B2EE-440B-BE03-CAB908ABFC43}.Debug|Any CPU.Build.0 = Debug|Any CPU
		{044E55DC-B2EE-440B-BE03-CAB908ABFC43}.Release|Any CPU.ActiveCfg = Release|Any CPU
		{044E55DC-B2EE-440B-BE03-CAB908ABFC43}.Release|Any CPU.Build.0 = Release|Any CPU
		{A44957E4-98AE-4DAB-9FB1-F045A5BF621D}.Debug|Any CPU.ActiveCfg = Debug|Any CPU
		{A44957E4-98AE-4DAB-9FB1-F045A5BF621D}.Debug|Any CPU.Build.0 = Debug|Any CPU
		{A44957E4-98AE-4DAB-9FB1-F045A5BF621D}.Release|Any CPU.ActiveCfg = Release|Any CPU
		{A44957E4-98AE-4DAB-9FB1-F045A5BF621D}.Release|Any CPU.Build.0 = Release|Any CPU
	EndGlobalSection
	GlobalSection(SolutionProperties) = preSolution
		HideSolutionNode = FALSE
	EndGlobalSection
	GlobalSection(ExtensibilityGlobals) = postSolution
		SolutionGuid = {099D2448-B506-4D6F-BCBF-EFC0BF45D49D}
	EndGlobalSection
EndGlobal
