
Microsoft Visual Studio Solution File, Format Version 12.00
# Visual Studio Version 17
VisualStudioVersion = 17.11.35222.181
MinimumVisualStudioVersion = 10.0.40219.1
Project("{9A19103F-16F7-4668-BE54-9A1E7A4F7556}") = "01.DataTypeFinder", "01.DataTypeFinder\01.DataTypeFinder.csproj", "{3D6F0677-C8E1-4F48-BA13-A7A75B97272A}"
EndProject
Project("{9A19103F-16F7-4668-BE54-9A1E7A4F7556}") = "02.FromLeftToTheRight", "02.FromLeftToTheRight\02.FromLeftToTheRight.csproj", "{83E42A50-93A2-4822-BD24-52E55164B3C2}"
EndProject
Project("{FAE04EC0-301F-11D3-BF4B-00C04F79EFBC}") = "03.FloatingEquality", "03.FloatingEquality\03.FloatingEquality.csproj", "{061C1D87-F305-496F-9842-F841C54231CD}"
EndProject
Project("{FAE04EC0-301F-11D3-BF4B-00C04F79EFBC}") = "04.RefactoringPrimeChecker", "04.RefactoringPrimeChecker\04.RefactoringPrimeChecker.csproj", "{119B33E1-B53F-43A9-BDEE-848B1744C34D}"
EndProject
Project("{FAE04EC0-301F-11D3-BF4B-00C04F79EFBC}") = "05.DecryptingMessage", "05.DecryptingMessage\05.DecryptingMessage.csproj", "{5E370FA8-746A-427F-AC4F-C0DE109A2F8D}"
EndProject
Project("{FAE04EC0-301F-11D3-BF4B-00C04F79EFBC}") = "06.BalancedBrackets", "06.BalancedBrackets\06.BalancedBrackets.csproj", "{236880D2-A7CC-4496-AE09-B769C81B69AB}"
EndProject
Global
	GlobalSection(SolutionConfigurationPlatforms) = preSolution
		Debug|Any CPU = Debug|Any CPU
		Release|Any CPU = Release|Any CPU
	EndGlobalSection
	GlobalSection(ProjectConfigurationPlatforms) = postSolution
		{3D6F0677-C8E1-4F48-BA13-A7A75B97272A}.Debug|Any CPU.ActiveCfg = Debug|Any CPU
		{3D6F0677-C8E1-4F48-BA13-A7A75B97272A}.Debug|Any CPU.Build.0 = Debug|Any CPU
		{3D6F0677-C8E1-4F48-BA13-A7A75B97272A}.Release|Any CPU.ActiveCfg = Release|Any CPU
		{3D6F0677-C8E1-4F48-BA13-A7A75B97272A}.Release|Any CPU.Build.0 = Release|Any CPU
		{83E42A50-93A2-4822-BD24-52E55164B3C2}.Debug|Any CPU.ActiveCfg = Debug|Any CPU
		{83E42A50-93A2-4822-BD24-52E55164B3C2}.Debug|Any CPU.Build.0 = Debug|Any CPU
		{83E42A50-93A2-4822-BD24-52E55164B3C2}.Release|Any CPU.ActiveCfg = Release|Any CPU
		{83E42A50-93A2-4822-BD24-52E55164B3C2}.Release|Any CPU.Build.0 = Release|Any CPU
		{061C1D87-F305-496F-9842-F841C54231CD}.Debug|Any CPU.ActiveCfg = Debug|Any CPU
		{061C1D87-F305-496F-9842-F841C54231CD}.Debug|Any CPU.Build.0 = Debug|Any CPU
		{061C1D87-F305-496F-9842-F841C54231CD}.Release|Any CPU.ActiveCfg = Release|Any CPU
		{061C1D87-F305-496F-9842-F841C54231CD}.Release|Any CPU.Build.0 = Release|Any CPU
		{119B33E1-B53F-43A9-BDEE-848B1744C34D}.Debug|Any CPU.ActiveCfg = Debug|Any CPU
		{119B33E1-B53F-43A9-BDEE-848B1744C34D}.Debug|Any CPU.Build.0 = Debug|Any CPU
		{119B33E1-B53F-43A9-BDEE-848B1744C34D}.Release|Any CPU.ActiveCfg = Release|Any CPU
		{119B33E1-B53F-43A9-BDEE-848B1744C34D}.Release|Any CPU.Build.0 = Release|Any CPU
		{5E370FA8-746A-427F-AC4F-C0DE109A2F8D}.Debug|Any CPU.ActiveCfg = Debug|Any CPU
		{5E370FA8-746A-427F-AC4F-C0DE109A2F8D}.Debug|Any CPU.Build.0 = Debug|Any CPU
		{5E370FA8-746A-427F-AC4F-C0DE109A2F8D}.Release|Any CPU.ActiveCfg = Release|Any CPU
		{5E370FA8-746A-427F-AC4F-C0DE109A2F8D}.Release|Any CPU.Build.0 = Release|Any CPU
		{236880D2-A7CC-4496-AE09-B769C81B69AB}.Debug|Any CPU.ActiveCfg = Debug|Any CPU
		{236880D2-A7CC-4496-AE09-B769C81B69AB}.Debug|Any CPU.Build.0 = Debug|Any CPU
		{236880D2-A7CC-4496-AE09-B769C81B69AB}.Release|Any CPU.ActiveCfg = Release|Any CPU
		{236880D2-A7CC-4496-AE09-B769C81B69AB}.Release|Any CPU.Build.0 = Release|Any CPU
	EndGlobalSection
	GlobalSection(SolutionProperties) = preSolution
		HideSolutionNode = FALSE
	EndGlobalSection
	GlobalSection(ExtensibilityGlobals) = postSolution
		SolutionGuid = {13DBB03E-10C4-4112-949C-A524AAF5321D}
	EndGlobalSection
EndGlobal
