
Microsoft Visual Studio Solution File, Format Version 12.00
# Visual Studio Version 17
VisualStudioVersion = 17.11.35222.181
MinimumVisualStudioVersion = 10.0.40219.1
Project("{FAE04EC0-301F-11D3-BF4B-00C04F79EFBC}") = "Operations", "Operations\Operations.csproj", "{2AB1B4B2-DE89-4405-A8F5-E09F85DA86E9}"
EndProject
Project("{FAE04EC0-301F-11D3-BF4B-00C04F79EFBC}") = "Animals", "Animals\Animals.csproj", "{7FD82285-24C8-406C-A8F7-119D9E5430A1}"
EndProject
Project("{FAE04EC0-301F-11D3-BF4B-00C04F79EFBC}") = "Shapes", "Shapes\Shapes.csproj", "{758B127F-55D4-4C29-8B78-E437F52E8AAE}"
EndProject
Global
	GlobalSection(SolutionConfigurationPlatforms) = preSolution
		Debug|Any CPU = Debug|Any CPU
		Release|Any CPU = Release|Any CPU
	EndGlobalSection
	GlobalSection(ProjectConfigurationPlatforms) = postSolution
		{2AB1B4B2-DE89-4405-A8F5-E09F85DA86E9}.Debug|Any CPU.ActiveCfg = Debug|Any CPU
		{2AB1B4B2-DE89-4405-A8F5-E09F85DA86E9}.Debug|Any CPU.Build.0 = Debug|Any CPU
		{2AB1B4B2-DE89-4405-A8F5-E09F85DA86E9}.Release|Any CPU.ActiveCfg = Release|Any CPU
		{2AB1B4B2-DE89-4405-A8F5-E09F85DA86E9}.Release|Any CPU.Build.0 = Release|Any CPU
		{7FD82285-24C8-406C-A8F7-119D9E5430A1}.Debug|Any CPU.ActiveCfg = Debug|Any CPU
		{7FD82285-24C8-406C-A8F7-119D9E5430A1}.Debug|Any CPU.Build.0 = Debug|Any CPU
		{7FD82285-24C8-406C-A8F7-119D9E5430A1}.Release|Any CPU.ActiveCfg = Release|Any CPU
		{7FD82285-24C8-406C-A8F7-119D9E5430A1}.Release|Any CPU.Build.0 = Release|Any CPU
		{758B127F-55D4-4C29-8B78-E437F52E8AAE}.Debug|Any CPU.ActiveCfg = Debug|Any CPU
		{758B127F-55D4-4C29-8B78-E437F52E8AAE}.Debug|Any CPU.Build.0 = Debug|Any CPU
		{758B127F-55D4-4C29-8B78-E437F52E8AAE}.Release|Any CPU.ActiveCfg = Release|Any CPU
		{758B127F-55D4-4C29-8B78-E437F52E8AAE}.Release|Any CPU.Build.0 = Release|Any CPU
	EndGlobalSection
	GlobalSection(SolutionProperties) = preSolution
		HideSolutionNode = FALSE
	EndGlobalSection
	GlobalSection(ExtensibilityGlobals) = postSolution
		SolutionGuid = {2C2CCBF5-E0DB-46B0-A200-4419B700245D}
	EndGlobalSection
EndGlobal
