
Microsoft Visual Studio Solution File, Format Version 12.00
# Visual Studio Version 17
VisualStudioVersion = 17.11.35222.181
MinimumVisualStudioVersion = 10.0.40219.1
Project("{FAE04EC0-301F-11D3-BF4B-00C04F79EFBC}") = "CommandPattern", "CommandPattern\CommandPattern.csproj", "{8FE8D508-4E19-4278-8318-18C289536C66}"
EndProject
Global
	GlobalSection(SolutionConfigurationPlatforms) = preSolution
		Debug|Any CPU = Debug|Any CPU
		Release|Any CPU = Release|Any CPU
	EndGlobalSection
	GlobalSection(ProjectConfigurationPlatforms) = postSolution
		{8FE8D508-4E19-4278-8318-18C289536C66}.Debug|Any CPU.ActiveCfg = Debug|Any CPU
		{8FE8D508-4E19-4278-8318-18C289536C66}.Debug|Any CPU.Build.0 = Debug|Any CPU
		{8FE8D508-4E19-4278-8318-18C289536C66}.Release|Any CPU.ActiveCfg = Release|Any CPU
		{8FE8D508-4E19-4278-8318-18C289536C66}.Release|Any CPU.Build.0 = Release|Any CPU
	EndGlobalSection
	GlobalSection(SolutionProperties) = preSolution
		HideSolutionNode = FALSE
	EndGlobalSection
	GlobalSection(ExtensibilityGlobals) = postSolution
		SolutionGuid = {7DBC5EC3-FC77-428E-8CD0-CA5BD42D7C47}
	EndGlobalSection
EndGlobal
