
Microsoft Visual Studio Solution File, Format Version 12.00
# Visual Studio Version 17
VisualStudioVersion = 17.11.35222.181
MinimumVisualStudioVersion = 10.0.40219.1
Project("{FAE04EC0-301F-11D3-BF4B-00C04F79EFBC}") = "IteratorsAndComparators", "Library\IteratorsAndComparators.csproj", "{5A97FF5B-A8A1-4DA9-AF0F-4C35CF9A7C0B}"
EndProject
Global
	GlobalSection(SolutionConfigurationPlatforms) = preSolution
		Debug|Any CPU = Debug|Any CPU
		Release|Any CPU = Release|Any CPU
	EndGlobalSection
	GlobalSection(ProjectConfigurationPlatforms) = postSolution
		{5A97FF5B-A8A1-4DA9-AF0F-4C35CF9A7C0B}.Debug|Any CPU.ActiveCfg = Debug|Any CPU
		{5A97FF5B-A8A1-4DA9-AF0F-4C35CF9A7C0B}.Debug|Any CPU.Build.0 = Debug|Any CPU
		{5A97FF5B-A8A1-4DA9-AF0F-4C35CF9A7C0B}.Release|Any CPU.ActiveCfg = Release|Any CPU
		{5A97FF5B-A8A1-4DA9-AF0F-4C35CF9A7C0B}.Release|Any CPU.Build.0 = Release|Any CPU
	EndGlobalSection
	GlobalSection(SolutionProperties) = preSolution
		HideSolutionNode = FALSE
	EndGlobalSection
	GlobalSection(ExtensibilityGlobals) = postSolution
		SolutionGuid = {CE557C4B-F0DA-427A-AE2F-D517C14E212E}
	EndGlobalSection
EndGlobal
