
Microsoft Visual Studio Solution File, Format Version 12.00
# Visual Studio Version 17
VisualStudioVersion = 17.11.35222.181
MinimumVisualStudioVersion = 10.0.40219.1
Project("{FAE04EC0-301F-11D3-BF4B-00C04F79EFBC}") = "Singleton", "Singleton\Singleton.csproj", "{66E23393-BE11-4C70-B2D9-C9625A05879F}"
EndProject
Global
	GlobalSection(SolutionConfigurationPlatforms) = preSolution
		Debug|Any CPU = Debug|Any CPU
		Release|Any CPU = Release|Any CPU
	EndGlobalSection
	GlobalSection(ProjectConfigurationPlatforms) = postSolution
		{66E23393-BE11-4C70-B2D9-C9625A05879F}.Debug|Any CPU.ActiveCfg = Debug|Any CPU
		{66E23393-BE11-4C70-B2D9-C9625A05879F}.Debug|Any CPU.Build.0 = Debug|Any CPU
		{66E23393-BE11-4C70-B2D9-C9625A05879F}.Release|Any CPU.ActiveCfg = Release|Any CPU
		{66E23393-BE11-4C70-B2D9-C9625A05879F}.Release|Any CPU.Build.0 = Release|Any CPU
	EndGlobalSection
	GlobalSection(SolutionProperties) = preSolution
		HideSolutionNode = FALSE
	EndGlobalSection
	GlobalSection(ExtensibilityGlobals) = postSolution
		SolutionGuid = {691DCBDC-1715-429A-A9E4-A5E17A7A7DA4}
	EndGlobalSection
EndGlobal
