
Microsoft Visual Studio Solution File, Format Version 12.00
Project("{FAE04EC0-301F-11D3-BF4B-00C04F79EFBC}") = "Composite", "Composite\Composite.csproj", "{EC8742D6-94E2-49CF-823E-60BEE9B1D49E}"
EndProject
Global
	GlobalSection(SolutionConfigurationPlatforms) = preSolution
		Debug|Any CPU = Debug|Any CPU
		Release|Any CPU = Release|Any CPU
	EndGlobalSection
	GlobalSection(ProjectConfigurationPlatforms) = postSolution
		{EC8742D6-94E2-49CF-823E-60BEE9B1D49E}.Debug|Any CPU.ActiveCfg = Debug|Any CPU
		{EC8742D6-94E2-49CF-823E-60BEE9B1D49E}.Debug|Any CPU.Build.0 = Debug|Any CPU
		{EC8742D6-94E2-49CF-823E-60BEE9B1D49E}.Release|Any CPU.ActiveCfg = Release|Any CPU
		{EC8742D6-94E2-49CF-823E-60BEE9B1D49E}.Release|Any CPU.Build.0 = Release|Any CPU
	EndGlobalSection
EndGlobal
