
Microsoft Visual Studio Solution File, Format Version 12.00
# Visual Studio Version 17
VisualStudioVersion = 17.11.35222.181
MinimumVisualStudioVersion = 10.0.40219.1
Project("{9A19103F-16F7-4668-BE54-9A1E7A4F7556}") = "Vehicles", "Vehicles\Vehicles.csproj", "{E52FFF77-3C3F-4F98-81B2-EFBB887F9315}"
EndProject
Project("{9A19103F-16F7-4668-BE54-9A1E7A4F7556}") = "Raiding", "Raiding\Raiding.csproj", "{82848624-C623-42E8-9BCD-836DC992BD95}"
EndProject
Project("{9A19103F-16F7-4668-BE54-9A1E7A4F7556}") = "WildFarm", "WildFarm\WildFarm.csproj", "{E170A457-D997-48F9-A51E-4481F31E5DDB}"
EndProject
Project("{FAE04EC0-301F-11D3-BF4B-00C04F79EFBC}") = "WildFarm2.0", "WildFarm2.0\WildFarm2.0.csproj", "{8E83F78F-AA79-4150-AF24-9239F5F35F32}"
EndProject
Global
	GlobalSection(SolutionConfigurationPlatforms) = preSolution
		Debug|Any CPU = Debug|Any CPU
		Release|Any CPU = Release|Any CPU
	EndGlobalSection
	GlobalSection(ProjectConfigurationPlatforms) = postSolution
		{E52FFF77-3C3F-4F98-81B2-EFBB887F9315}.Debug|Any CPU.ActiveCfg = Debug|Any CPU
		{E52FFF77-3C3F-4F98-81B2-EFBB887F9315}.Debug|Any CPU.Build.0 = Debug|Any CPU
		{E52FFF77-3C3F-4F98-81B2-EFBB887F9315}.Release|Any CPU.ActiveCfg = Release|Any CPU
		{E52FFF77-3C3F-4F98-81B2-EFBB887F9315}.Release|Any CPU.Build.0 = Release|Any CPU
		{82848624-C623-42E8-9BCD-836DC992BD95}.Debug|Any CPU.ActiveCfg = Debug|Any CPU
		{82848624-C623-42E8-9BCD-836DC992BD95}.Debug|Any CPU.Build.0 = Debug|Any CPU
		{82848624-C623-42E8-9BCD-836DC992BD95}.Release|Any CPU.ActiveCfg = Release|Any CPU
		{82848624-C623-42E8-9BCD-836DC992BD95}.Release|Any CPU.Build.0 = Release|Any CPU
		{E170A457-D997-48F9-A51E-4481F31E5DDB}.Debug|Any CPU.ActiveCfg = Debug|Any CPU
		{E170A457-D997-48F9-A51E-4481F31E5DDB}.Debug|Any CPU.Build.0 = Debug|Any CPU
		{E170A457-D997-48F9-A51E-4481F31E5DDB}.Release|Any CPU.ActiveCfg = Release|Any CPU
		{E170A457-D997-48F9-A51E-4481F31E5DDB}.Release|Any CPU.Build.0 = Release|Any CPU
		{8E83F78F-AA79-4150-AF24-9239F5F35F32}.Debug|Any CPU.ActiveCfg = Debug|Any CPU
		{8E83F78F-AA79-4150-AF24-9239F5F35F32}.Debug|Any CPU.Build.0 = Debug|Any CPU
		{8E83F78F-AA79-4150-AF24-9239F5F35F32}.Release|Any CPU.ActiveCfg = Release|Any CPU
		{8E83F78F-AA79-4150-AF24-9239F5F35F32}.Release|Any CPU.Build.0 = Release|Any CPU
	EndGlobalSection
	GlobalSection(SolutionProperties) = preSolution
		HideSolutionNode = FALSE
	EndGlobalSection
	GlobalSection(ExtensibilityGlobals) = postSolution
		SolutionGuid = {0D1C22CB-0B22-483C-B16F-4DDAA515C4FE}
	EndGlobalSection
EndGlobal
