
Microsoft Visual Studio Solution File, Format Version 12.00
# Visual Studio Version 17
VisualStudioVersion = 17.11.35222.181
MinimumVisualStudioVersion = 10.0.40219.1
Project("{9A19103F-16F7-4668-BE54-9A1E7A4F7556}") = "01.RandomizeWords", "01.RandomizeWords\01.RandomizeWords.csproj", "{B13A7A1E-F08D-4A09-BA3D-5011E443A974}"
EndProject
Project("{9A19103F-16F7-4668-BE54-9A1E7A4F7556}") = "02.BigFactorial", "02.BigFactorial\02.BigFactorial.csproj", "{FDA943C5-64D1-492B-80D3-D970389111FC}"
EndProject
Project("{9A19103F-16F7-4668-BE54-9A1E7A4F7556}") = "03.Songs", "03.Songs\03.Songs.csproj", "{F2713951-59E2-40DE-80CE-37B06CB63FAE}"
EndProject
Project("{9A19103F-16F7-4668-BE54-9A1E7A4F7556}") = "04.Students", "04.Students\04.Students.csproj", "{7D4AA310-1E76-4F0C-85B6-DAFE81BDD811}"
EndProject
Project("{9A19103F-16F7-4668-BE54-9A1E7A4F7556}") = "06.StoreBoxes", "06.StoreBoxes\06.StoreBoxes.csproj", "{A88BB5BE-AA34-4E15-9BE6-E93B57B3CCC9}"
EndProject
Project("{9A19103F-16F7-4668-BE54-9A1E7A4F7556}") = "07.VehicleCatalogue", "07.VehicleCatalogue\07.VehicleCatalogue.csproj", "{E8559E25-42B2-441A-B609-0322ACED4708}"
EndProject
Global
	GlobalSection(SolutionConfigurationPlatforms) = preSolution
		Debug|Any CPU = Debug|Any CPU
		Release|Any CPU = Release|Any CPU
	EndGlobalSection
	GlobalSection(ProjectConfigurationPlatforms) = postSolution
		{B13A7A1E-F08D-4A09-BA3D-5011E443A974}.Debug|Any CPU.ActiveCfg = Debug|Any CPU
		{B13A7A1E-F08D-4A09-BA3D-5011E443A974}.Debug|Any CPU.Build.0 = Debug|Any CPU
		{B13A7A1E-F08D-4A09-BA3D-5011E443A974}.Release|Any CPU.ActiveCfg = Release|Any CPU
		{B13A7A1E-F08D-4A09-BA3D-5011E443A974}.Release|Any CPU.Build.0 = Release|Any CPU
		{FDA943C5-64D1-492B-80D3-D970389111FC}.Debug|Any CPU.ActiveCfg = Debug|Any CPU
		{FDA943C5-64D1-492B-80D3-D970389111FC}.Debug|Any CPU.Build.0 = Debug|Any CPU
		{FDA943C5-64D1-492B-80D3-D970389111FC}.Release|Any CPU.ActiveCfg = Release|Any CPU
		{FDA943C5-64D1-492B-80D3-D970389111FC}.Release|Any CPU.Build.0 = Release|Any CPU
		{F2713951-59E2-40DE-80CE-37B06CB63FAE}.Debug|Any CPU.ActiveCfg = Debug|Any CPU
		{F2713951-59E2-40DE-80CE-37B06CB63FAE}.Debug|Any CPU.Build.0 = Debug|Any CPU
		{F2713951-59E2-40DE-80CE-37B06CB63FAE}.Release|Any CPU.ActiveCfg = Release|Any CPU
		{F2713951-59E2-40DE-80CE-37B06CB63FAE}.Release|Any CPU.Build.0 = Release|Any CPU
		{7D4AA310-1E76-4F0C-85B6-DAFE81BDD811}.Debug|Any CPU.ActiveCfg = Debug|Any CPU
		{7D4AA310-1E76-4F0C-85B6-DAFE81BDD811}.Debug|Any CPU.Build.0 = Debug|Any CPU
		{7D4AA310-1E76-4F0C-85B6-DAFE81BDD811}.Release|Any CPU.ActiveCfg = Release|Any CPU
		{7D4AA310-1E76-4F0C-85B6-DAFE81BDD811}.Release|Any CPU.Build.0 = Release|Any CPU
		{A88BB5BE-AA34-4E15-9BE6-E93B57B3CCC9}.Debug|Any CPU.ActiveCfg = Debug|Any CPU
		{A88BB5BE-AA34-4E15-9BE6-E93B57B3CCC9}.Debug|Any CPU.Build.0 = Debug|Any CPU
		{A88BB5BE-AA34-4E15-9BE6-E93B57B3CCC9}.Release|Any CPU.ActiveCfg = Release|Any CPU
		{A88BB5BE-AA34-4E15-9BE6-E93B57B3CCC9}.Release|Any CPU.Build.0 = Release|Any CPU
		{E8559E25-42B2-441A-B609-0322ACED4708}.Debug|Any CPU.ActiveCfg = Debug|Any CPU
		{E8559E25-42B2-441A-B609-0322ACED4708}.Debug|Any CPU.Build.0 = Debug|Any CPU
		{E8559E25-42B2-441A-B609-0322ACED4708}.Release|Any CPU.ActiveCfg = Release|Any CPU
		{E8559E25-42B2-441A-B609-0322ACED4708}.Release|Any CPU.Build.0 = Release|Any CPU
	EndGlobalSection
	GlobalSection(SolutionProperties) = preSolution
		HideSolutionNode = FALSE
	EndGlobalSection
	GlobalSection(ExtensibilityGlobals) = postSolution
		SolutionGuid = {35C632FA-3C25-4A21-A474-9528E0FE174C}
	EndGlobalSection
EndGlobal
