
Microsoft Visual Studio Solution File, Format Version 12.00
# Visual Studio Version 17
VisualStudioVersion = 17.11.35222.181
MinimumVisualStudioVersion = 10.0.40219.1
Project("{9A19103F-16F7-4668-BE54-9A1E7A4F7556}") = "01.AdvertisementMessage", "01.AdvertisementMessage\01.AdvertisementMessage.csproj", "{BBEBE27B-E61C-42A5-A898-65111B60B7DA}"
EndProject
Project("{9A19103F-16F7-4668-BE54-9A1E7A4F7556}") = "02.Articles", "02.Articles\02.Articles.csproj", "{A5707558-0299-4231-BBAA-6597B163D6D1}"
EndProject
Project("{9A19103F-16F7-4668-BE54-9A1E7A4F7556}") = "03.Articles2.0", "03.Articles2.0\03.Articles2.0.csproj", "{104E0CCF-A2AD-4806-852E-B8053693B2C4}"
EndProject
Project("{9A19103F-16F7-4668-BE54-9A1E7A4F7556}") = "04.Students", "04.Students\04.Students.csproj", "{B1DC9D56-AEB5-4BA9-9FE3-D614F66775B3}"
EndProject
Project("{9A19103F-16F7-4668-BE54-9A1E7A4F7556}") = "05.TeamworkProjects", "05.TeamworkProjects\05.TeamworkProjects.csproj", "{585F2C37-D679-4647-85DC-46CF776131FF}"
EndProject
Project("{9A19103F-16F7-4668-BE54-9A1E7A4F7556}") = "06.VehicleCatalogue", "06.VehicleCatalogue\06.VehicleCatalogue.csproj", "{32C97F24-E3F5-416A-82B4-3747E41E3AC8}"
EndProject
Project("{9A19103F-16F7-4668-BE54-9A1E7A4F7556}") = "07.OrderByAge", "07.OrderByAge\07.OrderByAge.csproj", "{62CDA4B5-CBBE-407F-A230-F95CDFD5AFB1}"
EndProject
Project("{2150E333-8FDC-42A3-9474-1A3956D46DE8}") = "Must Exercises", "Must Exercises", "{A330A282-7B1D-4386-BC2D-2A7D40373684}"
EndProject
Project("{2150E333-8FDC-42A3-9474-1A3956D46DE8}") = "More Exercises", "More Exercises", "{3B7253B9-3523-4290-9004-939E5B9BAB61}"
EndProject
Project("{FAE04EC0-301F-11D3-BF4B-00C04F79EFBC}") = "01.CompanyRoster", "01.CompanyRoster\01.CompanyRoster.csproj", "{94C1F852-4FE9-4D61-AEDB-5083D270F452}"
EndProject
Global
	GlobalSection(SolutionConfigurationPlatforms) = preSolution
		Debug|Any CPU = Debug|Any CPU
		Release|Any CPU = Release|Any CPU
	EndGlobalSection
	GlobalSection(ProjectConfigurationPlatforms) = postSolution
		{BBEBE27B-E61C-42A5-A898-65111B60B7DA}.Debug|Any CPU.ActiveCfg = Debug|Any CPU
		{BBEBE27B-E61C-42A5-A898-65111B60B7DA}.Debug|Any CPU.Build.0 = Debug|Any CPU
		{BBEBE27B-E61C-42A5-A898-65111B60B7DA}.Release|Any CPU.ActiveCfg = Release|Any CPU
		{BBEBE27B-E61C-42A5-A898-65111B60B7DA}.Release|Any CPU.Build.0 = Release|Any CPU
		{A5707558-0299-4231-BBAA-6597B163D6D1}.Debug|Any CPU.ActiveCfg = Debug|Any CPU
		{A5707558-0299-4231-BBAA-6597B163D6D1}.Debug|Any CPU.Build.0 = Debug|Any CPU
		{A5707558-0299-4231-BBAA-6597B163D6D1}.Release|Any CPU.ActiveCfg = Release|Any CPU
		{A5707558-0299-4231-BBAA-6597B163D6D1}.Release|Any CPU.Build.0 = Release|Any CPU
		{104E0CCF-A2AD-4806-852E-B8053693B2C4}.Debug|Any CPU.ActiveCfg = Debug|Any CPU
		{104E0CCF-A2AD-4806-852E-B8053693B2C4}.Debug|Any CPU.Build.0 = Debug|Any CPU
		{104E0CCF-A2AD-4806-852E-B8053693B2C4}.Release|Any CPU.ActiveCfg = Release|Any CPU
		{104E0CCF-A2AD-4806-852E-B8053693B2C4}.Release|Any CPU.Build.0 = Release|Any CPU
		{B1DC9D56-AEB5-4BA9-9FE3-D614F66775B3}.Debug|Any CPU.ActiveCfg = Debug|Any CPU
		{B1DC9D56-AEB5-4BA9-9FE3-D614F66775B3}.Debug|Any CPU.Build.0 = Debug|Any CPU
		{B1DC9D56-AEB5-4BA9-9FE3-D614F66775B3}.Release|Any CPU.ActiveCfg = Release|Any CPU
		{B1DC9D56-AEB5-4BA9-9FE3-D614F66775B3}.Release|Any CPU.Build.0 = Release|Any CPU
		{585F2C37-D679-4647-85DC-46CF776131FF}.Debug|Any CPU.ActiveCfg = Debug|Any CPU
		{585F2C37-D679-4647-85DC-46CF776131FF}.Debug|Any CPU.Build.0 = Debug|Any CPU
		{585F2C37-D679-4647-85DC-46CF776131FF}.Release|Any CPU.ActiveCfg = Release|Any CPU
		{585F2C37-D679-4647-85DC-46CF776131FF}.Release|Any CPU.Build.0 = Release|Any CPU
		{32C97F24-E3F5-416A-82B4-3747E41E3AC8}.Debug|Any CPU.ActiveCfg = Debug|Any CPU
		{32C97F24-E3F5-416A-82B4-3747E41E3AC8}.Debug|Any CPU.Build.0 = Debug|Any CPU
		{32C97F24-E3F5-416A-82B4-3747E41E3AC8}.Release|Any CPU.ActiveCfg = Release|Any CPU
		{32C97F24-E3F5-416A-82B4-3747E41E3AC8}.Release|Any CPU.Build.0 = Release|Any CPU
		{62CDA4B5-CBBE-407F-A230-F95CDFD5AFB1}.Debug|Any CPU.ActiveCfg = Debug|Any CPU
		{62CDA4B5-CBBE-407F-A230-F95CDFD5AFB1}.Debug|Any CPU.Build.0 = Debug|Any CPU
		{62CDA4B5-CBBE-407F-A230-F95CDFD5AFB1}.Release|Any CPU.ActiveCfg = Release|Any CPU
		{62CDA4B5-CBBE-407F-A230-F95CDFD5AFB1}.Release|Any CPU.Build.0 = Release|Any CPU
		{94C1F852-4FE9-4D61-AEDB-5083D270F452}.Debug|Any CPU.ActiveCfg = Debug|Any CPU
		{94C1F852-4FE9-4D61-AEDB-5083D270F452}.Debug|Any CPU.Build.0 = Debug|Any CPU
		{94C1F852-4FE9-4D61-AEDB-5083D270F452}.Release|Any CPU.ActiveCfg = Release|Any CPU
		{94C1F852-4FE9-4D61-AEDB-5083D270F452}.Release|Any CPU.Build.0 = Release|Any CPU
	EndGlobalSection
	GlobalSection(SolutionProperties) = preSolution
		HideSolutionNode = FALSE
	EndGlobalSection
	GlobalSection(NestedProjects) = preSolution
		{BBEBE27B-E61C-42A5-A898-65111B60B7DA} = {A330A282-7B1D-4386-BC2D-2A7D40373684}
		{A5707558-0299-4231-BBAA-6597B163D6D1} = {A330A282-7B1D-4386-BC2D-2A7D40373684}
		{104E0CCF-A2AD-4806-852E-B8053693B2C4} = {A330A282-7B1D-4386-BC2D-2A7D40373684}
		{B1DC9D56-AEB5-4BA9-9FE3-D614F66775B3} = {A330A282-7B1D-4386-BC2D-2A7D40373684}
		{585F2C37-D679-4647-85DC-46CF776131FF} = {A330A282-7B1D-4386-BC2D-2A7D40373684}
		{32C97F24-E3F5-416A-82B4-3747E41E3AC8} = {A330A282-7B1D-4386-BC2D-2A7D40373684}
		{62CDA4B5-CBBE-407F-A230-F95CDFD5AFB1} = {A330A282-7B1D-4386-BC2D-2A7D40373684}
		{94C1F852-4FE9-4D61-AEDB-5083D270F452} = {3B7253B9-3523-4290-9004-939E5B9BAB61}
	EndGlobalSection
	GlobalSection(ExtensibilityGlobals) = postSolution
		SolutionGuid = {D426EF0D-8A9E-4E89-94BC-FE90DF6419E8}
	EndGlobalSection
EndGlobal
