
Microsoft Visual Studio Solution File, Format Version 12.00
# Visual Studio Version 17
VisualStudioVersion = 17.11.35222.181
MinimumVisualStudioVersion = 10.0.40219.1
Project("{FAE04EC0-301F-11D3-BF4B-00C04F79EFBC}") = "01.GuineaPig", "01.GuineaPig\01.GuineaPig.csproj", "{A1C3D077-C236-434A-9975-423E709492E1}"
EndProject
Project("{FAE04EC0-301F-11D3-BF4B-00C04F79EFBC}") = "00.Demo", "00.Demo\00.Demo.csproj", "{02EC0D04-6963-49A1-90E3-C7331F267418}"
EndProject
Project("{FAE04EC0-301F-11D3-BF4B-00C04F79EFBC}") = "02.TheLift", "02.ShoppingList\02.TheLift.csproj", "{883E82CC-53ED-49AE-A3A3-6663E9499522}"
EndProject
Project("{FAE04EC0-301F-11D3-BF4B-00C04F79EFBC}") = "03.MovingTarget", "03.MovingTarget\03.MovingTarget.csproj", "{DBA2D8A7-A26E-452E-B87E-812CD0AA2CD2}"
EndProject
Global
	GlobalSection(SolutionConfigurationPlatforms) = preSolution
		Debug|Any CPU = Debug|Any CPU
		Release|Any CPU = Release|Any CPU
	EndGlobalSection
	GlobalSection(ProjectConfigurationPlatforms) = postSolution
		{A1C3D077-C236-434A-9975-423E709492E1}.Debug|Any CPU.ActiveCfg = Debug|Any CPU
		{A1C3D077-C236-434A-9975-423E709492E1}.Debug|Any CPU.Build.0 = Debug|Any CPU
		{A1C3D077-C236-434A-9975-423E709492E1}.Release|Any CPU.ActiveCfg = Release|Any CPU
		{A1C3D077-C236-434A-9975-423E709492E1}.Release|Any CPU.Build.0 = Release|Any CPU
		{02EC0D04-6963-49A1-90E3-C7331F267418}.Debug|Any CPU.ActiveCfg = Debug|Any CPU
		{02EC0D04-6963-49A1-90E3-C7331F267418}.Debug|Any CPU.Build.0 = Debug|Any CPU
		{02EC0D04-6963-49A1-90E3-C7331F267418}.Release|Any CPU.ActiveCfg = Release|Any CPU
		{02EC0D04-6963-49A1-90E3-C7331F267418}.Release|Any CPU.Build.0 = Release|Any CPU
		{883E82CC-53ED-49AE-A3A3-6663E9499522}.Debug|Any CPU.ActiveCfg = Debug|Any CPU
		{883E82CC-53ED-49AE-A3A3-6663E9499522}.Debug|Any CPU.Build.0 = Debug|Any CPU
		{883E82CC-53ED-49AE-A3A3-6663E9499522}.Release|Any CPU.ActiveCfg = Release|Any CPU
		{883E82CC-53ED-49AE-A3A3-6663E9499522}.Release|Any CPU.Build.0 = Release|Any CPU
		{DBA2D8A7-A26E-452E-B87E-812CD0AA2CD2}.Debug|Any CPU.ActiveCfg = Debug|Any CPU
		{DBA2D8A7-A26E-452E-B87E-812CD0AA2CD2}.Debug|Any CPU.Build.0 = Debug|Any CPU
		{DBA2D8A7-A26E-452E-B87E-812CD0AA2CD2}.Release|Any CPU.ActiveCfg = Release|Any CPU
		{DBA2D8A7-A26E-452E-B87E-812CD0AA2CD2}.Release|Any CPU.Build.0 = Release|Any CPU
	EndGlobalSection
	GlobalSection(SolutionProperties) = preSolution
		HideSolutionNode = FALSE
	EndGlobalSection
	GlobalSection(ExtensibilityGlobals) = postSolution
		SolutionGuid = {89AFF5C5-D4C4-4F0D-821F-1C222F20D926}
	EndGlobalSection
EndGlobal
