
Microsoft Visual Studio Solution File, Format Version 12.00
# Visual Studio Version 17
VisualStudioVersion = 17.11.35222.181
MinimumVisualStudioVersion = 10.0.40219.1
Project("{9A19103F-16F7-4668-BE54-9A1E7A4F7556}") = "Farm", "Farm\Farm.csproj", "{783AB424-D7ED-4A47-93A1-0C386CBE3C1B}"
EndProject
Project("{9A19103F-16F7-4668-BE54-9A1E7A4F7556}") = "CustomRandomList", "CustomRandomList\CustomRandomList.csproj", "{C43E9D3D-441B-4B96-B004-31A60886D17B}"
EndProject
Project("{FAE04EC0-301F-11D3-BF4B-00C04F79EFBC}") = "CustomStack", "CustomStack\CustomStack.csproj", "{DCBDEA27-45D9-4A70-8656-D2A4D2D62040}"
EndProject
Global
	GlobalSection(SolutionConfigurationPlatforms) = preSolution
		Debug|Any CPU = Debug|Any CPU
		Release|Any CPU = Release|Any CPU
	EndGlobalSection
	GlobalSection(ProjectConfigurationPlatforms) = postSolution
		{783AB424-D7ED-4A47-93A1-0C386CBE3C1B}.Debug|Any CPU.ActiveCfg = Debug|Any CPU
		{783AB424-D7ED-4A47-93A1-0C386CBE3C1B}.Debug|Any CPU.Build.0 = Debug|Any CPU
		{783AB424-D7ED-4A47-93A1-0C386CBE3C1B}.Release|Any CPU.ActiveCfg = Release|Any CPU
		{783AB424-D7ED-4A47-93A1-0C386CBE3C1B}.Release|Any CPU.Build.0 = Release|Any CPU
		{C43E9D3D-441B-4B96-B004-31A60886D17B}.Debug|Any CPU.ActiveCfg = Debug|Any CPU
		{C43E9D3D-441B-4B96-B004-31A60886D17B}.Debug|Any CPU.Build.0 = Debug|Any CPU
		{C43E9D3D-441B-4B96-B004-31A60886D17B}.Release|Any CPU.ActiveCfg = Release|Any CPU
		{C43E9D3D-441B-4B96-B004-31A60886D17B}.Release|Any CPU.Build.0 = Release|Any CPU
		{DCBDEA27-45D9-4A70-8656-D2A4D2D62040}.Debug|Any CPU.ActiveCfg = Debug|Any CPU
		{DCBDEA27-45D9-4A70-8656-D2A4D2D62040}.Debug|Any CPU.Build.0 = Debug|Any CPU
		{DCBDEA27-45D9-4A70-8656-D2A4D2D62040}.Release|Any CPU.ActiveCfg = Release|Any CPU
		{DCBDEA27-45D9-4A70-8656-D2A4D2D62040}.Release|Any CPU.Build.0 = Release|Any CPU
	EndGlobalSection
	GlobalSection(SolutionProperties) = preSolution
		HideSolutionNode = FALSE
	EndGlobalSection
	GlobalSection(ExtensibilityGlobals) = postSolution
		SolutionGuid = {665AF4A6-C274-4AEE-B691-6D3F06A6560B}
	EndGlobalSection
EndGlobal
