
Microsoft Visual Studio Solution File, Format Version 12.00
# Visual Studio Version 17
VisualStudioVersion = 17.11.35222.181
MinimumVisualStudioVersion = 10.0.40219.1
Project("{9A19103F-16F7-4668-BE54-9A1E7A4F7556}") = "01.SignOfIntegerNumbers", "01.SignOfIntegerNumbers\01.SignOfIntegerNumbers.csproj", "{3AB52903-5C5B-4D89-997E-DCDD789745E9}"
EndProject
Project("{9A19103F-16F7-4668-BE54-9A1E7A4F7556}") = "02.Grades", "02.Grades\02.Grades.csproj", "{B1B0CC46-660A-4F74-8808-33FF9D3BA681}"
EndProject
Project("{9A19103F-16F7-4668-BE54-9A1E7A4F7556}") = "03.Calculations", "03.Calculations\03.Calculations.csproj", "{FA774FA8-0CE0-4FBF-ABFE-43FB15678CAE}"
EndProject
Project("{9A19103F-16F7-4668-BE54-9A1E7A4F7556}") = "04.PrintingTriangle", "04.PrintingTriangle\04.PrintingTriangle.csproj", "{7A6FD814-65F7-491C-B83B-11C8F17B7286}"
EndProject
Project("{9A19103F-16F7-4668-BE54-9A1E7A4F7556}") = "05.Orders", "05.Orders\05.Orders.csproj", "{4CCA1880-73E6-499C-9EFA-4ED5A6994987}"
EndProject
Project("{9A19103F-16F7-4668-BE54-9A1E7A4F7556}") = "09.GreaterOfTwoValues", "09.GreaterOfTwoValues\09.GreaterOfTwoValues.csproj", "{DAD039D2-79B9-4143-95C7-B1A9A4604E47}"
EndProject
Project("{FAE04EC0-301F-11D3-BF4B-00C04F79EFBC}") = "08.MathPower", "08.MathPower\08.MathPower.csproj", "{05F85319-7B8B-4DE6-94C7-8B7DD8F6D724}"
EndProject
Project("{FAE04EC0-301F-11D3-BF4B-00C04F79EFBC}") = "10.MultiplyEvensByOdds", "10.MultiplyEvensByOdds\10.MultiplyEvensByOdds.csproj", "{4A01EC87-3066-4C41-B8C3-6BC2D3971587}"
EndProject
Project("{FAE04EC0-301F-11D3-BF4B-00C04F79EFBC}") = "00.demo", "00.demo\00.demo.csproj", "{2D71479E-F12A-4D5E-BF82-32004A739536}"
EndProject
Project("{FAE04EC0-301F-11D3-BF4B-00C04F79EFBC}") = "11.MathOperations", "11.MathOperations\11.MathOperations.csproj", "{32E64329-1683-4D45-AA96-3E59240E5DB0}"
EndProject
Global
	GlobalSection(SolutionConfigurationPlatforms) = preSolution
		Debug|Any CPU = Debug|Any CPU
		Release|Any CPU = Release|Any CPU
	EndGlobalSection
	GlobalSection(ProjectConfigurationPlatforms) = postSolution
		{3AB52903-5C5B-4D89-997E-DCDD789745E9}.Debug|Any CPU.ActiveCfg = Debug|Any CPU
		{3AB52903-5C5B-4D89-997E-DCDD789745E9}.Debug|Any CPU.Build.0 = Debug|Any CPU
		{3AB52903-5C5B-4D89-997E-DCDD789745E9}.Release|Any CPU.ActiveCfg = Release|Any CPU
		{3AB52903-5C5B-4D89-997E-DCDD789745E9}.Release|Any CPU.Build.0 = Release|Any CPU
		{B1B0CC46-660A-4F74-8808-33FF9D3BA681}.Debug|Any CPU.ActiveCfg = Debug|Any CPU
		{B1B0CC46-660A-4F74-8808-33FF9D3BA681}.Debug|Any CPU.Build.0 = Debug|Any CPU
		{B1B0CC46-660A-4F74-8808-33FF9D3BA681}.Release|Any CPU.ActiveCfg = Release|Any CPU
		{B1B0CC46-660A-4F74-8808-33FF9D3BA681}.Release|Any CPU.Build.0 = Release|Any CPU
		{FA774FA8-0CE0-4FBF-ABFE-43FB15678CAE}.Debug|Any CPU.ActiveCfg = Debug|Any CPU
		{FA774FA8-0CE0-4FBF-ABFE-43FB15678CAE}.Debug|Any CPU.Build.0 = Debug|Any CPU
		{FA774FA8-0CE0-4FBF-ABFE-43FB15678CAE}.Release|Any CPU.ActiveCfg = Release|Any CPU
		{FA774FA8-0CE0-4FBF-ABFE-43FB15678CAE}.Release|Any CPU.Build.0 = Release|Any CPU
		{7A6FD814-65F7-491C-B83B-11C8F17B7286}.Debug|Any CPU.ActiveCfg = Debug|Any CPU
		{7A6FD814-65F7-491C-B83B-11C8F17B7286}.Debug|Any CPU.Build.0 = Debug|Any CPU
		{7A6FD814-65F7-491C-B83B-11C8F17B7286}.Release|Any CPU.ActiveCfg = Release|Any CPU
		{7A6FD814-65F7-491C-B83B-11C8F17B7286}.Release|Any CPU.Build.0 = Release|Any CPU
		{4CCA1880-73E6-499C-9EFA-4ED5A6994987}.Debug|Any CPU.ActiveCfg = Debug|Any CPU
		{4CCA1880-73E6-499C-9EFA-4ED5A6994987}.Debug|Any CPU.Build.0 = Debug|Any CPU
		{4CCA1880-73E6-499C-9EFA-4ED5A6994987}.Release|Any CPU.ActiveCfg = Release|Any CPU
		{4CCA1880-73E6-499C-9EFA-4ED5A6994987}.Release|Any CPU.Build.0 = Release|Any CPU
		{DAD039D2-79B9-4143-95C7-B1A9A4604E47}.Debug|Any CPU.ActiveCfg = Debug|Any CPU
		{DAD039D2-79B9-4143-95C7-B1A9A4604E47}.Debug|Any CPU.Build.0 = Debug|Any CPU
		{DAD039D2-79B9-4143-95C7-B1A9A4604E47}.Release|Any CPU.ActiveCfg = Release|Any CPU
		{DAD039D2-79B9-4143-95C7-B1A9A4604E47}.Release|Any CPU.Build.0 = Release|Any CPU
		{05F85319-7B8B-4DE6-94C7-8B7DD8F6D724}.Debug|Any CPU.ActiveCfg = Debug|Any CPU
		{05F85319-7B8B-4DE6-94C7-8B7DD8F6D724}.Debug|Any CPU.Build.0 = Debug|Any CPU
		{05F85319-7B8B-4DE6-94C7-8B7DD8F6D724}.Release|Any CPU.ActiveCfg = Release|Any CPU
		{05F85319-7B8B-4DE6-94C7-8B7DD8F6D724}.Release|Any CPU.Build.0 = Release|Any CPU
		{4A01EC87-3066-4C41-B8C3-6BC2D3971587}.Debug|Any CPU.ActiveCfg = Debug|Any CPU
		{4A01EC87-3066-4C41-B8C3-6BC2D3971587}.Debug|Any CPU.Build.0 = Debug|Any CPU
		{4A01EC87-3066-4C41-B8C3-6BC2D3971587}.Release|Any CPU.ActiveCfg = Release|Any CPU
		{4A01EC87-3066-4C41-B8C3-6BC2D3971587}.Release|Any CPU.Build.0 = Release|Any CPU
		{2D71479E-F12A-4D5E-BF82-32004A739536}.Debug|Any CPU.ActiveCfg = Debug|Any CPU
		{2D71479E-F12A-4D5E-BF82-32004A739536}.Debug|Any CPU.Build.0 = Debug|Any CPU
		{2D71479E-F12A-4D5E-BF82-32004A739536}.Release|Any CPU.ActiveCfg = Release|Any CPU
		{2D71479E-F12A-4D5E-BF82-32004A739536}.Release|Any CPU.Build.0 = Release|Any CPU
		{32E64329-1683-4D45-AA96-3E59240E5DB0}.Debug|Any CPU.ActiveCfg = Debug|Any CPU
		{32E64329-1683-4D45-AA96-3E59240E5DB0}.Debug|Any CPU.Build.0 = Debug|Any CPU
		{32E64329-1683-4D45-AA96-3E59240E5DB0}.Release|Any CPU.ActiveCfg = Release|Any CPU
		{32E64329-1683-4D45-AA96-3E59240E5DB0}.Release|Any CPU.Build.0 = Release|Any CPU
	EndGlobalSection
	GlobalSection(SolutionProperties) = preSolution
		HideSolutionNode = FALSE
	EndGlobalSection
	GlobalSection(ExtensibilityGlobals) = postSolution
		SolutionGuid = {B61E6C2A-D1BB-4486-84C0-2B151201EAF1}
	EndGlobalSection
EndGlobal
