
Microsoft Visual Studio Solution File, Format Version 12.00
# Visual Studio Version 17
VisualStudioVersion = 17.11.35222.181
MinimumVisualStudioVersion = 10.0.40219.1
Project("{9A19103F-16F7-4668-BE54-9A1E7A4F7556}") = "01.StudentInformation", "01.StudentInformation\01.StudentInformation.csproj", "{10F71C61-A4E7-4E84-9BD3-ABEC4CED1A4F}"
EndProject
Project("{9A19103F-16F7-4668-BE54-9A1E7A4F7556}") = "02.Passed", "02.Passed\02.Passed.csproj", "{B96E6AA7-04AF-49BC-9201-A67A609450B2}"
EndProject
Project("{9A19103F-16F7-4668-BE54-9A1E7A4F7556}") = "03.PassedOrFailed", "03.PassedOrFailed\03.PassedOrFailed.csproj", "{E2787AA3-0FD8-44C4-82CF-2044F3A10F97}"
EndProject
Project("{9A19103F-16F7-4668-BE54-9A1E7A4F7556}") = "04.BackIn30Minutes", "04.BackIn30Minutes\04.BackIn30Minutes.csproj", "{CC35BA68-AAFB-425D-AE6F-00BE62269230}"
EndProject
Project("{9A19103F-16F7-4668-BE54-9A1E7A4F7556}") = "05.Month Printer", "05.Month Printer\05.Month Printer.csproj", "{E529434F-3D68-4761-921B-B3DBA3EE12D0}"
EndProject
Project("{9A19103F-16F7-4668-BE54-9A1E7A4F7556}") = "06.Foreign Languages", "06.Foreign Languages\06.Foreign Languages.csproj", "{B1E98E1E-8438-4BA3-ADC8-5813A87D154B}"
EndProject
Project("{FAE04EC0-301F-11D3-BF4B-00C04F79EFBC}") = "07.TheatrePromotion", "07.TheatrePromotion\07.TheatrePromotion.csproj", "{B2406CB1-8959-498F-9035-93E42D870EE2}"
EndProject
Project("{FAE04EC0-301F-11D3-BF4B-00C04F79EFBC}") = "08.DivisibleBy3", "08.DivisibleBy3\08.DivisibleBy3.csproj", "{F79EF7D7-E7D4-42A2-8AD7-238831269A66}"
EndProject
Project("{FAE04EC0-301F-11D3-BF4B-00C04F79EFBC}") = "09.SumOfOddNumbers", "09.SumOfOddNumbers\09.SumOfOddNumbers.csproj", "{B049FD88-0E15-41CC-9F2E-E80C735854C5}"
EndProject
Project("{FAE04EC0-301F-11D3-BF4B-00C04F79EFBC}") = "10.MultiplicationTable", "10.MultiplicationTable\10.MultiplicationTable.csproj", "{97EC0EA2-641B-4BB9-A442-37060755689C}"
EndProject
Project("{FAE04EC0-301F-11D3-BF4B-00C04F79EFBC}") = "11.MultiplicationTable2.0", "11.MultiplicationTable2.0\11.MultiplicationTable2.0.csproj", "{C8D57BD5-479A-42EC-890A-2A1F8330D624}"
EndProject
Project("{FAE04EC0-301F-11D3-BF4B-00C04F79EFBC}") = "12.EvenNumber", "12.EvenNumber\12.EvenNumber.csproj", "{5D16B8E5-8F24-405A-9D19-9AC4A9C19CB8}"
EndProject
Project("{FAE04EC0-301F-11D3-BF4B-00C04F79EFBC}") = "13.HolidaysBetweenTwoDates", "13.HolidaysBetweenTwoDates\13.HolidaysBetweenTwoDates.csproj", "{26108D9B-2043-402F-AD3B-1BDEE1D45BB9}"
EndProject
Global
	GlobalSection(SolutionConfigurationPlatforms) = preSolution
		Debug|Any CPU = Debug|Any CPU
		Release|Any CPU = Release|Any CPU
	EndGlobalSection
	GlobalSection(ProjectConfigurationPlatforms) = postSolution
		{10F71C61-A4E7-4E84-9BD3-ABEC4CED1A4F}.Debug|Any CPU.ActiveCfg = Debug|Any CPU
		{10F71C61-A4E7-4E84-9BD3-ABEC4CED1A4F}.Debug|Any CPU.Build.0 = Debug|Any CPU
		{10F71C61-A4E7-4E84-9BD3-ABEC4CED1A4F}.Release|Any CPU.ActiveCfg = Release|Any CPU
		{10F71C61-A4E7-4E84-9BD3-ABEC4CED1A4F}.Release|Any CPU.Build.0 = Release|Any CPU
		{B96E6AA7-04AF-49BC-9201-A67A609450B2}.Debug|Any CPU.ActiveCfg = Debug|Any CPU
		{B96E6AA7-04AF-49BC-9201-A67A609450B2}.Debug|Any CPU.Build.0 = Debug|Any CPU
		{B96E6AA7-04AF-49BC-9201-A67A609450B2}.Release|Any CPU.ActiveCfg = Release|Any CPU
		{B96E6AA7-04AF-49BC-9201-A67A609450B2}.Release|Any CPU.Build.0 = Release|Any CPU
		{E2787AA3-0FD8-44C4-82CF-2044F3A10F97}.Debug|Any CPU.ActiveCfg = Debug|Any CPU
		{E2787AA3-0FD8-44C4-82CF-2044F3A10F97}.Debug|Any CPU.Build.0 = Debug|Any CPU
		{E2787AA3-0FD8-44C4-82CF-2044F3A10F97}.Release|Any CPU.ActiveCfg = Release|Any CPU
		{E2787AA3-0FD8-44C4-82CF-2044F3A10F97}.Release|Any CPU.Build.0 = Release|Any CPU
		{CC35BA68-AAFB-425D-AE6F-00BE62269230}.Debug|Any CPU.ActiveCfg = Debug|Any CPU
		{CC35BA68-AAFB-425D-AE6F-00BE62269230}.Debug|Any CPU.Build.0 = Debug|Any CPU
		{CC35BA68-AAFB-425D-AE6F-00BE62269230}.Release|Any CPU.ActiveCfg = Release|Any CPU
		{CC35BA68-AAFB-425D-AE6F-00BE62269230}.Release|Any CPU.Build.0 = Release|Any CPU
		{E529434F-3D68-4761-921B-B3DBA3EE12D0}.Debug|Any CPU.ActiveCfg = Debug|Any CPU
		{E529434F-3D68-4761-921B-B3DBA3EE12D0}.Debug|Any CPU.Build.0 = Debug|Any CPU
		{E529434F-3D68-4761-921B-B3DBA3EE12D0}.Release|Any CPU.ActiveCfg = Release|Any CPU
		{E529434F-3D68-4761-921B-B3DBA3EE12D0}.Release|Any CPU.Build.0 = Release|Any CPU
		{B1E98E1E-8438-4BA3-ADC8-5813A87D154B}.Debug|Any CPU.ActiveCfg = Debug|Any CPU
		{B1E98E1E-8438-4BA3-ADC8-5813A87D154B}.Debug|Any CPU.Build.0 = Debug|Any CPU
		{B1E98E1E-8438-4BA3-ADC8-5813A87D154B}.Release|Any CPU.ActiveCfg = Release|Any CPU
		{B1E98E1E-8438-4BA3-ADC8-5813A87D154B}.Release|Any CPU.Build.0 = Release|Any CPU
		{B2406CB1-8959-498F-9035-93E42D870EE2}.Debug|Any CPU.ActiveCfg = Debug|Any CPU
		{B2406CB1-8959-498F-9035-93E42D870EE2}.Debug|Any CPU.Build.0 = Debug|Any CPU
		{B2406CB1-8959-498F-9035-93E42D870EE2}.Release|Any CPU.ActiveCfg = Release|Any CPU
		{B2406CB1-8959-498F-9035-93E42D870EE2}.Release|Any CPU.Build.0 = Release|Any CPU
		{F79EF7D7-E7D4-42A2-8AD7-238831269A66}.Debug|Any CPU.ActiveCfg = Debug|Any CPU
		{F79EF7D7-E7D4-42A2-8AD7-238831269A66}.Debug|Any CPU.Build.0 = Debug|Any CPU
		{F79EF7D7-E7D4-42A2-8AD7-238831269A66}.Release|Any CPU.ActiveCfg = Release|Any CPU
		{F79EF7D7-E7D4-42A2-8AD7-238831269A66}.Release|Any CPU.Build.0 = Release|Any CPU
		{B049FD88-0E15-41CC-9F2E-E80C735854C5}.Debug|Any CPU.ActiveCfg = Debug|Any CPU
		{B049FD88-0E15-41CC-9F2E-E80C735854C5}.Debug|Any CPU.Build.0 = Debug|Any CPU
		{B049FD88-0E15-41CC-9F2E-E80C735854C5}.Release|Any CPU.ActiveCfg = Release|Any CPU
		{B049FD88-0E15-41CC-9F2E-E80C735854C5}.Release|Any CPU.Build.0 = Release|Any CPU
		{97EC0EA2-641B-4BB9-A442-37060755689C}.Debug|Any CPU.ActiveCfg = Debug|Any CPU
		{97EC0EA2-641B-4BB9-A442-37060755689C}.Debug|Any CPU.Build.0 = Debug|Any CPU
		{97EC0EA2-641B-4BB9-A442-37060755689C}.Release|Any CPU.ActiveCfg = Release|Any CPU
		{97EC0EA2-641B-4BB9-A442-37060755689C}.Release|Any CPU.Build.0 = Release|Any CPU
		{C8D57BD5-479A-42EC-890A-2A1F8330D624}.Debug|Any CPU.ActiveCfg = Debug|Any CPU
		{C8D57BD5-479A-42EC-890A-2A1F8330D624}.Debug|Any CPU.Build.0 = Debug|Any CPU
		{C8D57BD5-479A-42EC-890A-2A1F8330D624}.Release|Any CPU.ActiveCfg = Release|Any CPU
		{C8D57BD5-479A-42EC-890A-2A1F8330D624}.Release|Any CPU.Build.0 = Release|Any CPU
		{5D16B8E5-8F24-405A-9D19-9AC4A9C19CB8}.Debug|Any CPU.ActiveCfg = Debug|Any CPU
		{5D16B8E5-8F24-405A-9D19-9AC4A9C19CB8}.Debug|Any CPU.Build.0 = Debug|Any CPU
		{5D16B8E5-8F24-405A-9D19-9AC4A9C19CB8}.Release|Any CPU.ActiveCfg = Release|Any CPU
		{5D16B8E5-8F24-405A-9D19-9AC4A9C19CB8}.Release|Any CPU.Build.0 = Release|Any CPU
		{26108D9B-2043-402F-AD3B-1BDEE1D45BB9}.Debug|Any CPU.ActiveCfg = Debug|Any CPU
		{26108D9B-2043-402F-AD3B-1BDEE1D45BB9}.Debug|Any CPU.Build.0 = Debug|Any CPU
		{26108D9B-2043-402F-AD3B-1BDEE1D45BB9}.Release|Any CPU.ActiveCfg = Release|Any CPU
		{26108D9B-2043-402F-AD3B-1BDEE1D45BB9}.Release|Any CPU.Build.0 = Release|Any CPU
	EndGlobalSection
	GlobalSection(SolutionProperties) = preSolution
		HideSolutionNode = FALSE
	EndGlobalSection
	GlobalSection(ExtensibilityGlobals) = postSolution
		SolutionGuid = {CB9423EE-E50F-4385-A75C-4B5850E9A8D0}
	EndGlobalSection
EndGlobal
